// !$*UTF8*$!
{
	archiveVersion = 1;
	classes = {
	};
	objectVersion = 77;
	objects = {

/* Begin PBXBuildFile section */
		3FD4A9582FCDDC740079A8AC /* ICS3UCulminating App.swift in Sources */ = {isa = PBXBuildFile; fileRef = 3FD4A9572FCDDC740079A8AC /* ICS3UCulminating App.swift */; };
		3FD4A95A2FCDDC740079A8AC /* Assets.xcassets in Resources */ = {isa = PBXBuildFile; fileRef = 3FD4A9592FCDDC740079A8AC /* Assets.xcassets */; };
		3FD4A95D2FCDDC740079A8AC /* House.swift in Sources */ = {isa = PBXBuildFile; fileRef = 3FD4A95C2FCDDC740079A8AC /* House.swift */; };
		3FD4A9602FCDDC740079A8AC /* HouseListViewModel.swift in Sources */ = {isa = PBXBuildFile; fileRef = 3FD4A95F2FCDDC740079A8AC /* HouseListViewModel.swift */; };
		3FD4A9632FCDDC740079A8AC /* HousesListView.swift in Sources */ = {isa = PBXBuildFile; fileRef = 3FD4A9622FCDDC740079A8AC /* HousesListView.swift */; };
		3FD4A9652FCDDC740079A8AC /* HouseItemView.swift in Sources */ = {isa = PBXBuildFile; fileRef = 3FD4A9642FCDDC740079A8AC /* HouseItemView.swift */; };
		3FD4A9672FCDDC740079A8AC /* RELEASE.md in Resources */ = {isa = PBXBuildFile; fileRef = 3FD4A9662FCDDC740079A8AC /* RELEASE.md */; };
/* End PBXBuildFile section */

/* Begin PBXFileReference section */
		3FD4A9542FCDDC740079A8AC /* ICS3UCulminating .app */ = {isa = PBXFileReference; explicitFileType = wrapper.application; includeInIndex = 0; path = "ICS3UCulminating .app"; sourceTree = BUILT_PRODUCTS_DIR; };
		3FD4A9572FCDDC740079A8AC /* ICS3UCulminating App.swift */ = {isa = PBXFileReference; lastKnownFileType = sourcecode.swift; path = "ICS3UCulminating App.swift"; sourceTree = "<group>"; };
		3FD4A9592FCDDC740079A8AC /* Assets.xcassets */ = {isa = PBXFileReference; lastKnownFileType = folder.assetcatalog; path = Assets.xcassets; sourceTree = "<group>"; };
		3FD4A95C2FCDDC740079A8AC /* House.swift */ = {isa = PBXFileReference; lastKnownFileType = sourcecode.swift; path = House.swift; sourceTree = "<group>"; };
		3FD4A95F2FCDDC740079A8AC /* HouseListViewModel.swift */ = {isa = PBXFileReference; lastKnownFileType = sourcecode.swift; path = HouseListViewModel.swift; sourceTree = "<group>"; };
		3FD4A9622FCDDC740079A8AC /* HousesListView.swift */ = {isa = PBXFileReference; lastKnownFileType = sourcecode.swift; path = HousesListView.swift; sourceTree = "<group>"; };
		3FD4A9642FCDDC740079A8AC /* HouseItemView.swift */ = {isa = PBXFileReference; lastKnownFileType = sourcecode.swift; path = HouseItemView.swift; sourceTree = "<group>"; };
		3FD4A9662FCDDC740079A8AC /* RELEASE.md */ = {isa = PBXFileReference; lastKnownFileType = net.daringfireball.markdown; path = RELEASE.md; sourceTree = "<group>"; };
/* End PBXFileReference section */

/* Begin PBXFrameworksBuildPhase section */
		3FD4A9512FCDDC740079A8AC /* Frameworks */ = {
			isa = PBXFrameworksBuildPhase;
			buildActionMask = 2147483647;
			files = (
			);
			runOnlyForDeploymentPostprocessing = 0;
		};
/* End PBXFrameworksBuildPhase section */

/* Begin PBXGroup section */
		3FD4A94B2FCDDC740079A8AC = {
			isa = PBXGroup;
			children = (
				3FD4A9562FCDDC740079A8AC /* ICS3UCulminating  */,
				3FD4A9552FCDDC740079A8AC /* Products */,
			);
			sourceTree = "<group>";
		};
		3FD4A9552FCDDC740079A8AC /* Products */ = {
			isa = PBXGroup;
			children = (
				3FD4A9542FCDDC740079A8AC /* ICS3UCulminating .app */,
			);
			name = Products;
			sourceTree = "<group>";
		};
		3FD4A9562FCDDC740079A8AC /* ICS3UCulminating  */ = {
			isa = PBXGroup;
			children = (
				3FD4A9572FCDDC740079A8AC /* ICS3UCulminating App.swift */,
				3FD4A9592FCDDC740079A8AC /* Assets.xcassets */,
				3FD4A9662FCDDC740079A8AC /* RELEASE.md */,
				3FD4A95B2FCDDC740079A8AC /* Model */,
				3FD4A95E2FCDDC740079A8AC /* ViewModels */,
				3FD4A9612FCDDC740079A8AC /* Views */,
			);
			path = "ICS3UCulminating ";
			sourceTree = "<group>";
		};
		3FD4A95B2FCDDC740079A8AC /* Model */ = {
			isa = PBXGroup;
			children = (
				3FD4A95C2FCDDC740079A8AC /* House.swift */,
			);
			path = Model;
			sourceTree = "<group>";
		};
		3FD4A95E2FCDDC740079A8AC /* ViewModels */ = {
			isa = PBXGroup;
			children = (
				3FD4A95F2FCDDC740079A8AC /* HouseListViewModel.swift */,
			);
			path = ViewModels;
			sourceTree = "<group>";
		};
		3FD4A9612FCDDC740079A8AC /* Views */ = {
			isa = PBXGroup;
			children = (
				3FD4A9622FCDDC740079A8AC /* HousesListView.swift */,
				3FD4A9642FCDDC740079A8AC /* HouseItemView.swift */,
			);
			path = Views;
			sourceTree = "<group>";
		};
/* End PBXGroup section */

/* Begin PBXNativeTarget section */
		3FD4A9532FCDDC740079A8AC /* ICS3UCulminating  */ = {
			isa = PBXNativeTarget;
			buildConfigurationList = 3FD4A9682FCDDC740079A8AC /* Build configuration list for PBXNativeTarget "ICS3UCulminating " */;
			buildPhases = (
				3FD4A9502FCDDC740079A8AC /* Sources */,
				3FD4A9512FCDDC740079A8AC /* Frameworks */,
				3FD4A9522FCDDC740079A8AC /* Resources */,
			);
			buildRules = (
			);
			dependencies = (
			);
			name = "ICS3UCulminating ";
			packageProductDependencies = (
			);
			productName = "ICS3UCulminating ";
			productReference = 3FD4A9542FCDDC740079A8AC /* ICS3UCulminating .app */;
			productType = "com.apple.product-type.application";
		};
/* End PBXNativeTarget section */

/* Begin PBXProject section */
		3FD4A94C2FCDDC740079A8AC /* Project object */ = {
			isa = PBXProject;
			attributes = {
				BuildIndependentTargetsInParallel = 1;
				LastSwiftUpdateCheck = 2640;
				LastUpgradeCheck = 2640;
				TargetAttributes = {
					3FD4A9532FCDDC740079A8AC = {
						CreatedOnToolsVersion = 26.4.1;
					};
				};
			};
			buildConfigurationList = 3FD4A94F2FCDDC740079A8AC /* Build configuration list for PBXProject "ICS3UCulminating " */;
			developmentRegion = en;
			hasScannedForEncodings = 0;
			knownRegions = (
				en,
				Base,
			);
			mainGroup = 3FD4A94B2FCDDC740079A8AC;
			minimizedProjectReferenceProxies = 1;
			preferredProjectObjectVersion = 77;
			productRefGroup = 3FD4A9552FCDDC740079A8AC /* Products */;
			projectDirPath = "";
			projectRoot = "";
			targets = (
				3FD4A9532FCDDC740079A8AC /* ICS3UCulminating  */,
			);
		};
/* End PBXProject section */

/* Begin PBXResourcesBuildPhase section */
		3FD4A9522FCDDC740079A8AC /* Resources */ = {
			isa = PBXResourcesBuildPhase;
			buildActionMask = 2147483647;
			files = (
				3FD4A9672FCDDC740079A8AC /* RELEASE.md in Resources */,
				3FD4A95A2FCDDC740079A8AC /* Assets.xcassets in Resources */,
			);
			runOnlyForDeploymentPostprocessing = 0;
		};
/* End PBXResourcesBuildPhase section */

/* Begin PBXSourcesBuildPhase section */
		3FD4A9502FCDDC740079A8AC /* Sources */ = {
			isa = PBXSourcesBuildPhase;
			buildActionMask = 2147483647;
			files = (
				3FD4A9652FCDDC740079A8AC /* HouseItemView.swift in Sources */,
				3FD4A95D2FCDDC740079A8AC /* House.swift in Sources */,
				3FD4A9632FCDDC740079A8AC /* HousesListView.swift in Sources */,
				3FD4A9602FCDDC740079A8AC /* HouseListViewModel.swift in Sources */,
				3FD4A9582FCDDC740079A8AC /* ICS3UCulminating App.swift in Sources */,
			);
			runOnlyForDeploymentPostprocessing = 0;
		};
/* End PBXSourcesBuildPhase section */

/* Begin XCBuildConfiguration section */
		3FD4A94D2FCDDC740079A8AC /* Debug */ = {
			isa = XCBuildConfiguration;
			buildSettings = {
				COPY_PHASE_STRIP = NO;
			};
			name = Debug;
		};
		3FD4A94E2FCDDC740079A8AC /* Release */ = {
			isa = XCBuildConfiguration;
			buildSettings = {
				COPY_PHASE_STRIP = YES;
			};
			name = Release;
		};
		3FD4A9692FCDDC740079A8AC /* Debug */ = {
			isa = XCBuildConfiguration;
			buildSettings = {
				ALWAYS_SEARCH_USER_PATHS = NO;
				ASSETCATALOG_COMPILER_APPICON_NAME = AppIcon;
				ASSETCATALOG_COMPILER_GLOBAL_ACCENT_COLOR_NAME = AccentColor;
				CODE_SIGN_STYLE = Automatic;
				CURRENT_PROJECT_VERSION = 1;
				DEBUG_INFORMATION_FORMAT = dwarf;
				DEVELOPMENT_TEAM = 4UG443984D;
				ENABLE_PREVIEWS = YES;
				GENERATE_INFOPLIST_FILE = YES;
				INFOPLIST_KEY_UIApplicationSceneManifest_Generation = YES;
				INFOPLIST_KEY_UIApplicationSupportsIndirectInputEvents = YES;
				INFOPLIST_KEY_UILaunchScreen_Generation = YES;
				INFOPLIST_KEY_UISupportedInterfaceOrientations_iPad = "UIInterfaceOrientationPortrait UIInterfaceOrientationPortraitUpsideDown UIInterfaceOrientationLandscapeLeft UIInterfaceOrientationLandscapeRight";
				INFOPLIST_KEY_UISupportedInterfaceOrientations_iPhone = "UIInterfaceOrientationPortrait UIInterfaceOrientationLandscapeLeft UIInterfaceOrientationLandscapeRight";
				IPHONEOS_DEPLOYMENT_TARGET = 26.4;
				MARKETING_VERSION = 1.0;
				PRODUCT_BUNDLE_IDENTIFIER = "ca.on.lcs.ICS3UCulminating ";
				PRODUCT_NAME = "$(TARGET_NAME)";
				SDKROOT = iphoneos;
				STRING_CATALOG_GENERATE_SYMBOLS = YES;
				SWIFT_APPROACHABLE_CONCURRENCY = YES;
				SWIFT_DEFAULT_ACTOR_ISOLATION = MainActor;
				SWIFT_EMIT_LOC_STRINGS = YES;
				SWIFT_OPTIMIZATION_LEVEL = "-Onone";
				SWIFT_UPCOMING_FEATURE_MEMBER_IMPORT_VISIBILITY = YES;
				SWIFT_VERSION = 5.0;
				TARGETED_DEVICE_FAMILY = "1,2";
			};
			name = Debug;
		};
		3FD4A96A2FCDDC740079A8AC /* Release */ = {
			isa = XCBuildConfiguration;
			buildSettings = {
				ALWAYS_SEARCH_USER_PATHS = NO;
				ASSETCATALOG_COMPILER_APPICON_NAME = AppIcon;
				ASSETCATALOG_COMPILER_GLOBAL_ACCENT_COLOR_NAME = AccentColor;
				CODE_SIGN_STYLE = Automatic;
				CURRENT_PROJECT_VERSION = 1;
				DEBUG_INFORMATION_FORMAT = dwarf;
				DEVELOPMENT_TEAM = 4UG443984D;
				ENABLE_PREVIEWS = YES;
				GENERATE_INFOPLIST_FILE = YES;
				INFOPLIST_KEY_UIApplicationSceneManifest_Generation = YES;
				INFOPLIST_KEY_UIApplicationSupportsIndirectInputEvents = YES;
				INFOPLIST_KEY_UILaunchScreen_Generation = YES;
				INFOPLIST_KEY_UISupportedInterfaceOrientations_iPad = "UIInterfaceOrientationPortrait UIInterfaceOrientationPortraitUpsideDown UIInterfaceOrientationLandscapeLeft UIInterfaceOrientationLandscapeRight";
				INFOPLIST_KEY_UISupportedInterfaceOrientations_iPhone = "UIInterfaceOrientationPortrait UIInterfaceOrientationLandscapeLeft UIInterfaceOrientationLandscapeRight";
				IPHONEOS_DEPLOYMENT_TARGET = 26.4;
				MARKETING_VERSION = 1.0;
				PRODUCT_BUNDLE_IDENTIFIER = "ca.on.lcs.ICS3UCulminating ";
				PRODUCT_NAME = "$(TARGET_NAME)";
				SDKROOT = iphoneos;
				STRING_CATALOG_GENERATE_SYMBOLS = YES;
				SWIFT_APPROACHABLE_CONCURRENCY = YES;
				SWIFT_DEFAULT_ACTOR_ISOLATION = MainActor;
				SWIFT_EMIT_LOC_STRINGS = YES;
				SWIFT_OPTIMIZATION_LEVEL = "-Onone";
				SWIFT_UPCOMING_FEATURE_MEMBER_IMPORT_VISIBILITY = YES;
				SWIFT_VERSION = 5.0;
				TARGETED_DEVICE_FAMILY = "1,2";
			};
			name = Release;
		};
/* End XCBuildConfiguration section */

/* Begin XCConfigurationList section */
		3FD4A94F2FCDDC740079A8AC /* Build configuration list for PBXProject "ICS3UCulminating " */ = {
			isa = XCConfigurationList;
			buildConfigurations = (
				3FD4A94D2FCDDC740079A8AC /* Debug */,
				3FD4A94E2FCDDC740079A8AC /* Release */,
			);
			defaultConfigurationIsVisible = 0;
			defaultConfigurationName = Release;
		};
		3FD4A9682FCDDC740079A8AC /* Build configuration list for PBXNativeTarget "ICS3UCulminating " */ = {
			isa = XCConfigurationList;
			buildConfigurations = (
				3FD4A9692FCDDC740079A8AC /* Debug */,
				3FD4A96A2FCDDC740079A8AC /* Release */,
			);
			defaultConfigurationIsVisible = 0;
			defaultConfigurationName = Release;
		};
/* End XCConfigurationList section */
	};
	rootObject = 3FD4A94C2FCDDC740079A8AC /* Project object */;
}
